version = 1
revision = 3
requires-python = "==3.12.*"

[manifest]
members = [
    "doco-backend-contracts",
    "doco-backend-workspace",
    "doco-chat-service",
    "doco-document-service",
]

[[package]]
name = "alembic"
version = "1.18.5"
source = { registry = "https://pypi.org/simple" }
dependencies = [
    { name = "mako" },
    { name = "sqlalchemy" },
    { name = "typing-extensions" },
]
sdist = { url = "https://files.pythonhosted.org/packages/1a/cc/ac0bed8e562e7407fe55c3ba85a4dce86e6dbd8730887bd1e406a6c5c18a/alembic-1.18.5.tar.gz", hash = "sha256:1554982221dd17e9a749b53902407578eb305e453f71999e8c7f0a48389fff8e", size = 2060480, upload-time = "2026-06-25T15:20:54.888Z" }
wheels = [
    { url = "https://files.pythonhosted.org/packages/96/78/5fe6dc3a3a5b2f5a2a4faef8bfe336d5fa049a38884ab3172e0098160c01/alembic-1.18.5-py3-none-any.whl", hash = "sha256:06d8ba9d04558022f5395e9317de03d270f3dced49cee01f89fe7a13c26f14bc", size = 264664, upload-time = "2026-06-25T15:20:56.673Z" },
]

[[package]]
name = "annotated-types"
version = "0.8.0"
source = { registry = "https://pypi.org/simple" }
sdist = { url = "https://files.pythonhosted.org/packages/5f/56/a8120250d128bed162cd73c76d45f6ef9991f3e068f62a8ee060afa3104a/annotated_types-0.8.0.tar.gz", hash = "sha256:13b2beaad985e05e2d6407ee4c4f35590b11f8d693a258a561055cac8f64cab7", size = 15893, upload-time = "2026-07-23T20:16:13.995Z" }
wheels = [
    { url = "https://files.pythonhosted.org/packages/99/91/8acff4f5e50511b911bbccb72b8628a49c68ce14148cd9f6431094859a90/annotated_types-0.8.0-py3-none-any.whl", hash = "sha256:f072f4d804ea359e4eaf198b1af7a8b0943881a87f31bb764f8bf219bb9419e0", size = 13427, upload-time = "2026-07-23T20:16:12.938Z" },
]

[[package]]
name = "anyio"
version = "4.14.2"
source = { registry = "https://pypi.org/simple" }
dependencies = [
    { name = "idna" },
    { name = "typing-extensions" },
]
sdist = { url = "https://files.pythonhosted.org/packages/61/cc/a381afa6efea9f496eff839d4a6a1aed3bfafc7b3ab4b0d1b243a12573dd/anyio-4.14.2.tar.gz", hash = "sha256:cfa139f3ed1a23ee8f88a145ddb5ac7605b8bbfd8592baacd7ce3d8bb4313c7f", size = 260176, upload-time = "2026-07-12T20:29:07.082Z" }
wheels = [
    { url = "https://files.pythonhosted.org/packages/da/35/f2287558c17e29fafc8ef3daf819bb9834061cfa43bff8014f7df7f63bdc/anyio-4.14.2-py3-none-any.whl", hash = "sha256:9f505dda5ac9f0c8309b5e8bd445a8c2bf7246f3cÛÎwöÚ$z{-®éÜj×›Ü™ËÜXÚØYÙ\ËÌKÙËÍ˜MNLM˜YŽL™Y˜ŽMÌ˜ÍŒL˜MÎŽMÌÌ™LÙ˜ŒÌÌMÙÍŒŽYX™Y‹ÜÜ[[Ú[^KL‹ŒLKXÜÌL‹XÜÌL‹]Ú[—Ø[YÚ‹\ÚHœÚLMŽŒ˜ÙŒÎXXX™NØÌXÌ˜Ì™Y™ŒÌÙ™˜LÌÌØŒÌÌXÙNXÍYŒÍMÎMÙL‹Ú^™HHŒMÌ\ØY][YHHŒŒ‹L‹LMUMŽŒŒÎŒLKŒˆˆKBˆÈ\›HšÎ‹ËÙš[\Ëœ]ÛšÜÝY›Ü™ËÜXÚØYÙ\ËÙL‹ÌŒ‹Ù™ŒLØLL™XÍÍNYMMLÍLLNYNYLŒMÍÍXŒÙÌXŒ™XÍŒXMØYLLYYNËÜÜ[[Ú[^KL‹ŒLK\LË[›Û™KX[žKÚ‹\ÚHœÚLMŽ˜˜ŒŒŒY™MÍYXØÍØÎMLL™MÍ™™ÎÎLX˜LÌÌYÙ™YNYH‹Ú^™HHNMÌÍ\ØY][YHHŒŒ‹L‹LMUMŽŒNŒŒ‹NˆˆKB—CBƒB–ÖÜXÚØYÙWWCB›˜[YHHœÝ\›]HƒB™\œÚ[ÛˆHŒ‹ŒˆƒBœÛÝ\˜ÙHHÈ™YÚ\ÝžHHšÎ‹ËÜ\K›Ü™ËÜÚ[\HˆCB™\[™[˜ÚY\ÈHÃBˆÈ˜[YHH˜[žZ[ÈˆKB—CBœÙ\ÝHÈ\›HšÎ‹ËÙš[\Ëœ]ÛšÜÝY›Ü™ËÜXÚØYÙ\ËØÙKÌŒÌ˜ÙXÎNÙ˜M™LLLÍŽYM™Œ˜Ù™Ž™YXÍØNXMŽYYŒŒL˜ËÜÝ\›]KL‹Œ‹\‹™Þˆ‹\ÚHœÚLMŽÙÌÍŒYŒÍYYMÎLŽMŒYÌ™MMÌÍNNÌMØŒY™M˜Ž™™˜ØÙH‹Ú^™HHN‹\ØY][YHHŒŒKLLLÕLÎMŽŒMËŽM–ˆˆCBÚY[ÈHÃBˆÈ\›HšÎ‹ËÙš[\Ëœ]ÛšÜÝY›Ü™ËÜXÚØYÙ\ËÎ‹ÌËÎYÌMX™X™Œ˜ŒXNXY˜˜Ž™YŽXNM˜ÌØX™LLÌYXNMÍØMNKÜÝ\›]KL‹Œ‹\LË[›Û™KX[žKÚ‹\ÚHœÚLMŽNMMŒÌØÙNYŽ™˜MÌXLMXØYYÍMXŒ™ÌXÌÙŒÙŒŒY˜™YMŽLÌÎXÙŒ˜X™YXÌÍH‹Ú^™HHÌŒÍË\ØY][YHHŒŒKLLLÕLÎMŽŒM‹ŒŒVˆˆKB—CBƒB–ÖÜXÚØYÙWWCB›˜[YHH[žXÜÜÌˆƒB™\œÚ[ÛˆHŒKKŒHƒBœÛÝ\˜ÙHHÈ™YÚ\ÝžHHšÎ‹ËÜ\K›Ü™ËÜÚ[\HˆCB™\[™[˜ÚY\ÈHÃBˆÈ˜[YHHÙX™[˜ÛÙ[™ÜÈˆKB—CBœÙ\ÝHÈ\›HšÎ‹ËÙš[\Ëœ]ÛšÜÝY›Ü™ËÜXÚØYÙ\ËØLËØYKÌ˜ØMLLÙMXÌŒMÎYÍMŽÍÌØNMYŽLLMŒ˜NL™ÌØÍÙŽYÙŒ‹Ý[žXÜÜÌ‹LKKŒK\‹™Þˆ‹\ÚHœÚLMŽ™ÌÎY˜ŒM˜˜NLØØÙMNNMXMÎ™MMYYŽY™ÌY™L™ŒÙMÙLÙŽMMÈ‹Ú^™HHNMK\ØY][YHHŒŒKLLKLŒÕLŒŽNŒLŒ–ˆˆCBÚY[ÈHÃBˆÈ\›HšÎ‹ËÙš[\Ëœ]ÛšÜÝY›Ü™ËÜXÚØYÙ\ËÍŒÍKØÍØXÌÌMŽNŽÍÙNÙXXŒ™ÍÍÎLNŒÎYŒÙŒNŒŒMØNMËÝ[žXÜÜÌ‹LKKŒK\LË[›Û™KX[žKÚ‹\ÚHœÚLMŽŒÍMX˜LNÎXÌŒŽMŽNMŽNNMÍ˜ÍLÍÍLYNÙYXYYXNÎXÙLŒYXÌMLŒH‹Ú^™HHŽ\ØY][YHHŒŒKLLKLŒÕLŒŽNŒÍ–ˆˆKB—CBƒB–ÖÜXÚØYÙWWCB›˜[YHH[žZ[HƒB™\œÚ[ÛˆHŒ‹ŒKŒƒBœÛÝ\˜ÙHHÈ™YÚ\ÝžHHšÎ‹ËÜ\K›Ü™ËÜÚ[\HˆCB™\[™[˜ÚY\ÈHÃBˆÈ˜[YHHÙX™[˜ÛÙ[™ÜÈˆKB—CBœÙ\ÝHÈ\›HšÎ‹ËÙš[\Ëœ]ÛšÜÝY›Ü™ËÜXÚØYÙ\ËØŒKÌY‹ØÙ™L™˜ŒÌMMØÎL˜ŒÙŒÌYMÌÙLXÙYXÌYY˜™ÌÎL˜˜Í˜ÌÌÍ˜ŒMÝ[žZ[KL‹ŒKŒ\‹™Þˆ‹\ÚHœÚLMŽŒMLXÌÙLÎLÍÙMLYY˜LXYŽMNLÌŒMÙÙX˜MŒÙMXŒLNŒÌÎMÈ‹Ú^™HHMÎL‹\ØY][YHHŒŒ‹LËLUMÎŒŽŒÌÌˆˆCBÚY[ÈHÃBˆÈ\›HšÎ‹ËÙš[\Ëœ]ÛšÜÝY›Ü™ËÜXÚØYÙ\ËÍL‹ÍÌMŽMXLÍ˜ŽMYŽÙ™XMØYYŽMMYÌÍYŒLMØŒXÎLYŒÎNXXÌ™˜Ø™‹Ý[žZ[KL‹ŒKŒ\LË[›Û™KX[žKÚ‹\ÚHœÚLMŽ™LLXÙ™™ŒÎLMNÍŽYŽYYŽX˜™L™™NYLŒL™LÎXÌŒŽXŽYŒH‹Ú^™HHÎMŽ‹\ØY][YHHŒŒ‹LËLUMÎŒŽŒŽNˆˆKB—CBƒB–ÖÜXÚØYÙWWCB›˜[YHH\[™ËY^[œÚ[ÛœÈƒB™\œÚ[ÛˆHŒM‹ŒƒBœÛÝ\˜ÙHHÈ™YÚ\ÝžHHšÎ‹ËÜ\K›Ü™ËÜÚ[\HˆCBœÙ\ÝHÈ\›HšÎ‹ËÙš[\Ëœ]ÛšÜÝY›Ü™ËÜXÚØYÙ\ËÙ‹ØØËÍŒLÌLÌØX˜ŒLÎ˜ÌÌÌ˜ÙX™˜™L˜ÍLŒMYÍ˜X™L˜ÍÌMXØÍLŽ˜Y‹Ý\[™×Ù^[œÚ[ÛœËMŒM‹Œ\‹™Þˆ‹\ÚHœÚLMŽ™ÎNÙNXMLXÎM˜MÌŒ™YM˜X™ÌÎMØÌXNYLØÍÙNLÙX™ŒXMÙMH‹Ú^™HHLLÍMMK\ØY][YHHŒŒ‹LËL•ŒKŽL–ˆˆCBÚY[ÈHÃBˆÈ\›HšÎ‹ËÙš[\Ëœ]ÛšÜÝY›Ü™ËÜXÚØYÙ\ËÍKÙËØŽXNŒMLY˜ÌŒŒÙŒÎLÌÍÍXÍYXLLÎ™XÍÌÙMMÌ™˜ÎÝ\[™×Ù^[œÚ[ÛœËMŒM‹Œ\LË[›Û™KX[žKÚ‹\ÚHœÚLMŽXØXMLÍÍNLØÌXŒMÍ˜YLMNMÙŒYØMLÎXÙNXÙ™XŒÙŒÍLÎŒÍÌÌ™N‹Ú^™HHMMÌK\ØY][YHHŒŒ‹LËL•ŒNVˆˆKB—CBƒB–ÖÜXÚØYÙWWCB›˜[YHH\[™ËZ[œÜXÝ[ÛˆƒB™\œÚ[ÛˆHŒŒˆƒBœÛÝ\˜ÙHHÈ™YÚ\ÝžHHšÎ‹ËÜ\K›Ü™ËÜÚ[\HˆCB™\[™[˜ÚY\ÈHÃBˆÈ˜[YHH\[™ËY^[œÚ[ÛœÈˆKB—CBœÙ\ÝHÈ\›HšÎ‹ËÙš[\Ëœ]ÛšÜÝY›Ü™ËÜXÚØYÙ\ËÍMKÙLËÍÌÎNXØÙXÌLXÍLÌÍØYMŒLÎXÙŒXØMYŒÍ˜˜ŒÙÍ˜ÎYÌØXÙÍMKÝ\[™×Ú[œÜXÝ[Û‹LŒ‹\‹™Þˆ‹\ÚHœÚLMŽ˜˜MMŒXÍMØÍNMNÌÙÎ˜ÌÌŽMMLŽŒY˜XMÌÍXXŽMØÍMŽL™NÙ‹Ú^™HHÍNMK\ØY][YHHŒŒKLLLUŽŒMKŽÖˆˆCBÚY[ÈHÃBˆÈ\›HšÎ‹ËÙš[\Ëœ]ÛšÜÝY›Ü™ËÜXÚØYÙ\ËÙËÎX‹ÍÍÎNM˜ÎLY™MÙ™LŽN™NYLÍ˜ØØÙYLÙMLMYŒÎYYÝ\[™×Ú[œÜXÝ[Û‹LŒ‹\LË[›Û™KX[žKÚ‹\ÚHœÚLMŽYXØXØ™ÌŽNÌŒŒŒX™YYLŽØØXLM™ŒÍYNXÌÙØ˜YXLŒMMYMÈ‹Ú^™HHMŒLK\ØY][YHHŒŒKLLLUŽŒMŒMMˆˆKB—CBƒB–ÖÜXÚØYÙWWCB›˜[YHH\›XŒÈƒB™\œÚ[ÛˆHŒ‹ËŒƒBœÛÝ\˜ÙHHÈ™YÚ\ÝžHHšÎ‹ËÜ\K›Ü™ËÜÚ[\HˆCBœÙ\ÝHÈ\›HšÎ‹ËÙš[\Ëœ]ÛšÜÝY›Ü™ËÜXÚØYÙ\ËÍLËÌËÌ™ŽŒŒÌØŽ™LØŽYMYYLLMYŽMNX˜L˜LŒÌLÎ™ŒÍŒ™L™™MŽMLËÝ\›XŒËL‹ËŒ\‹™Þˆ‹\ÚHœÚLMŽŒŒÌYLXÌØŒØÙXŒMØÍØ™MŒŒ™Œ˜ÍMLNØŒÎŒØYŒX˜ÎLÙLLYÈ‹Ú^™HHÌÍŒ‹\ØY][YHHŒŒ‹LKLÕMŽŒLÎŒNNM–ˆˆCBÚY[ÈHÃBˆÈ\›HšÎ‹ËÙš[\Ëœ]ÛšÜÝY›Ü™ËÜXÚØYÙ\ËÍÙ‹ÌÙKÍYŽMX˜ÙŒŽ˜ÍLÌMŒÎMÍØL˜NŒMX˜XØÙLÎXÎØÎÍMLÙŽYXYLËÝ\›XŒËL‹ËŒ\LË[›Û™KX[žKÚ‹\ÚHœÚLMŽŽY˜ÎYX˜˜ŒXÙNMLÌXØÙLÍÍÍ˜˜Í™ŒLÍŒÌ˜˜ÌNØNXMMLÙYLÎYÌÍŽMÈ‹Ú^™HHLÌLË\ØY][YHHŒŒ‹LKLÕMŽŒLÎŒMËŒMLVˆˆKB—CBƒB–ÖÜXÚØYÙWWCB›˜[YHH]šXÛÜ›ˆƒB™\œÚ[ÛˆHŒŒÍŒÈƒBœÛÝ\˜ÙHHÈ™YÚ\ÝžHHšÎ‹ËÜ\K›Ü™ËÜÚ[\HˆCB™\[™[˜ÚY\ÈHÃBˆÈ˜[YHH˜ÛXÚÈˆKBˆÈ˜[YHHšLHˆKB—CBœÙ\ÝHÈ\›HšÎ‹ËÙš[\Ëœ]ÛšÜÝY›Ü™ËÜXÚØYÙ\ËÙKØYÍÌLØ™LŒÌ˜ÙMŒŒ™XXLÍXÌŽŒÌŽÌÍÍXÌÍÌLŒÎÌX™XMLMÙŒMØNKÝ]šXÛÜ›‹LŒÍŒË\‹™Þˆ‹\ÚHœÚLMŽŒÍNLNXNXNMÎYØMNLÌÍ˜ŒLLYÍØÌYMÍÍLL˜ÎNŽŒXLŒMMÌMXH‹Ú^™HHÍŒÌK\ØY][YHHŒŒKL‹LUÎŒMËLÌVˆˆCBÚY[ÈHÃBˆÈ\›HšÎ‹ËÙš[\Ëœ]ÛšÜÝY›Ü™ËÜXÚØYÙ\ËÍ™ÌÎY™XXMŒŽMYŽLNYÍŒXÍMYMLÌNYÍŒ™Í˜LÙYYŽ™‹Ý]šXÛÜ›‹LŒÍŒË\LË[›Û™KX[žKÚ‹\ÚHœÚLMŽŒMŒŒÌYŒ˜™˜™ŒŽXŒLMÍÙ™NMÍØ˜NMLÙ™Y™™LØXÙYŽMMH‹Ú^™HHŒÌK\ØY][YHHŒŒKL‹LUÎŒMKˆˆKB—CBƒB–ÖÜXÚØYÙWWCB›˜[YHHÙX\Þ\š[ƒB™\œÚ[ÛˆHKŒHƒBœÛÝ\˜ÙHHÈ™YÚ\ÝžHHšÎ‹ËÜ\K›Ü™ËÜÚ[\HˆCB™\[™[˜ÚY\ÈHÃBˆÈ˜[YHH˜Ù™šHˆKBˆÈ˜[YHH˜ÜÜÜÙ[XÝˆˆKBˆÈ˜[YHH™›ÛÛÛÈ‹^˜HHÈÛÙ™ˆ—HKBˆÈ˜[YHHœ[ÝÈˆKBˆÈ˜[YHHœYYˆˆKBˆÈ˜[YHHœ\[ˆˆKBˆÈ˜[YHH[žXÜÜÌˆˆKBˆÈ˜[YHH[žZ[HˆKB—CBœÙ\ÝHÈ\›HšÎ‹ËÙš[\Ëœ]ÛšÜÝY›Ü™ËÜXÚØYÙ\ËÌÎÍÍ‹ÍÙŽYŒNLLŒ™LŒÍŽLÌMØMÌŽXŽØŽLÙY™ŒÌÎXXMÍÙYÍØY‹ÝÙX\Þ\š[MKŒK\‹™Þˆ‹\ÚHœÚLMŽŒLŒŽX™™™™˜XMÙÙMXÙY™LÌN˜L˜ÙYŒÍ™XMXYMÙ™NYŒÍMÙMØ™M˜LYMNXH‹Ú^™HHNLŽ\ØY][YHHŒŒKLLMLŽŒMNŒ‹MˆˆCBÚY[ÈHÃBˆÈ\›HšÎ‹ËÙš[\Ëœ]ÛšÜÝY›Ü™ËÜXÚØYÙ\ËÙ™KÎXKÌMMY™˜˜NNÍŽŒ˜Ì™ŒÌŒŽNXÌŒÍŽ˜ÌLXMÎXÙXXŽMØXMŽÝÙX\Þ\š[MKŒK\LË[›Û™KX[žKÚ‹\ÚHœÚLMŽŽX˜XMMŽ™ÎŽLŽY˜ŽÍÌÍ˜ŒM™L˜MØØXØŒXYŒÙÌÙMŒNL™™YŽH‹Ú^™HHŽN\ØY][YHHŒŒKLLMLŽŒMNŒŽMVˆˆKB—CBƒB–ÖÜXÚØYÙWWCB›˜[YHHÙX™[˜ÛÙ[™ÜÈƒB™\œÚ[ÛˆHŒKŒHƒBœÛÝ\˜ÙHHÈ™YÚ\ÝžHHšÎ‹ËÜ\K›Ü™ËÜÚ[\HˆCBœÙ\ÝHÈ\›HšÎ‹ËÙš[\Ëœ]ÛšÜÝY›Ü™ËÜXÚØYÙ\ËÌ‹Ì‹ØYM˜ÙXXÌX˜YYMLÌ˜NLÍMXÙXÌLŽNX™ÌXY™XXLÙNÎL™ËÝÙX™[˜ÛÙ[™ÜËLKŒK\‹™Þˆ‹\ÚHœÚLMŽ˜ŒÍ˜LXÌYŒ™ÌMYXLNŽÍÎLYÌŽXY˜ØÍXXŒMÍNÙLNLŒÈ‹Ú^™HHMÌŒK\ØY][YHHŒŒMËLLUŒŒŒNŒÍŒNVˆˆCBÚY[ÈHÃBˆÈ\›HšÎ‹ËÙš[\Ëœ]ÛšÜÝY›Ü™ËÜXÚØYÙ\ËÙÌÌ˜LÙLÙÌÌŒÎLÙ™YŒÙX™Œ™XÌÎŒMM™MY™LXÙYLÌM™XÌYÙŒØËÝÙX™[˜ÛÙ[™ÜËLKŒK\L‹œLË[›Û™KX[žKÚ‹\ÚHœÚLMŽ˜LYŒLŒLÙŒØÌŒŒMØNMÙL˜ŒØXLXMÙM™YMÙŽMX™LM™˜ÎXXÙŽMÍLMMÎ‹Ú^™HHLMÍÍ\ØY][YHHŒŒMËLLUŒŒŒNŒÌ‹NVˆˆKB—CBƒB–ÖÜXÚØYÙWWCB›˜[YHHÜ˜\ƒB™\œÚ[ÛˆHŒKŒMËŒÈƒBœÛÝ\˜ÙHHÈ™YÚ\ÝžHHšÎ‹ËÜ\K›Ü™ËÜÚ[\HˆCBœÙ\ÝHÈ\›HšÎ‹ËÙš[\Ëœ]ÛšÜÝY›Ü™ËÜXÚØYÙ\ËÎMKÎ‹ØYXÍ˜ÍX™LÌÍÌMŒŒŽNÌŒÙMÙMÎNLM˜ØÍŽŒLÌYXNYMÙÝÜ˜\LKŒMËŒË\‹™Þˆ‹\ÚHœÚLMŽ™™XŒ™XXML™MYX™MÙŒ˜L˜ÎL™M™ÍÍ™NYŽÍÎÙXNLYL˜XM™‹Ú^™HHMMMË\ØY][YHHŒŒKLLL•NLÎŒŒKÌMˆˆCBÚY[ÈHÃBˆÈ\›HšÎ‹ËÙš[\Ëœ]ÛšÜÝY›Ü™ËÜXÚØYÙ\ËÎY‹ÍKØØYXX˜NLÙMÍL™ŒYŽLŽÍÍÌÌLØÍŽNÙM™LÎNMÙŒØŒŒŽØ‹ÝÜ˜\LKŒMËŒËXÜÌL‹XÜÌL‹[XXÛÜÞÌLÌL×Ý[š]™\œØ[‹Ú‹\ÚHœÚLMŽ˜XŒŒÌ™MÙ™Ù˜™MY˜ÌØY˜LÌX˜ÙŒNŽXŽMXÌÎYŒ˜XØÌ˜YŒL‹Ú^™HHLÎNN\ØY][YHHŒŒKLLL•NLNËŒLÎˆˆKBˆÈ\›HšÎ‹ËÙš[\Ëœ]ÛšÜÝY›Ü™ËÜXÚØYÙ\ËÍŒÙŽÌM˜MØØÌLÌMØLNŽY™MY™MŽXÙM˜LM™XØŽLÌMLÎMÙŒÎŽM‹ÝÜ˜\LKŒMËŒËXÜÌL‹XÜÌL‹[XXÛÜÞÌLÌL×Þ—ÍÚ‹\ÚHœÚLMŽŽX˜XMMM˜XØÎLLLÌNL™NÎ˜LMÙŒØŒM™˜™XL™XXMŒXÙŒ˜ØÍXÌÙX˜H‹Ú^™HHÎLŒ\ØY][YHHŒŒKLLL•NLNŒÍKŽL–ˆˆKBˆÈ\›HšÎ‹ËÙš[\Ëœ]ÛšÜÝY›Ü™ËÜXÚØYÙ\ËÌÌËÙ‹Ø™ŽŽNMØXX™X˜ŽM˜NXYMXÌLÌMXX™XYLLÙ˜LÌŒMXÍ™MÌKÝÜ˜\LKŒMËŒËXÜÌL‹XÜÌL‹[XXÛÜÞÌLWÌØ\›MÚ‹\ÚHœÚLMŽ˜LÎLÌYXØLXMÙXMŒYMŽXMXLÍŒÌ˜LÍÍÌXM™YÙŒÌŽÍNLY™‹Ú^™HHÎLN\ØY][YHHŒŒKLLL•NLNMËÍˆˆKBˆÈ\›HšÎ‹ËÙš[\Ëœ]ÛšÜÝY›Ü™ËÜXÚØYÙ\ËÎY‹ÎKÍYLÌYÎXÌÌ˜ŽMYÌÙYYXÌXÎ˜MÌ™˜ŒLÍM™NLLÌÎLM˜ÙÌŽYXÙÝÜ˜\LKŒMËŒËXÜÌL‹XÜÌL‹[X[ž[[^WÞ—Í›X[ž[[^Ì—ÌŽÞ—Í›X[ž[[^Ì—ÍWÞ—ÍÚ‹\ÚHœÚLMŽŒ™XÌØ˜ŽŒÌNXÌMØŒLÌYŒŒÎLØ˜ÌNY˜M™LMÍ˜ÙMŽLÍ™XÌÍ˜ÍÎŽ‹Ú^™HHÍ‹\ØY][YHHŒŒKLLL•NLŽŒÍÎˆˆKBˆÈ\›HšÎ‹ËÙš[\Ëœ]ÛšÜÝY›Ü™ËÜXÚØYÙ\ËØØKÌÎÌ™LMÎYŒØŒÙÌ™Í˜ÍŒL™LYYL™ÌØMXÎXØYYŒÌÌÍXLX˜˜ŽLØKÝÜ˜\LKŒMËŒËXÜÌL‹XÜÌL‹[X[ž[[^ŒMØX\˜Ú›X[ž[[^Ì—ÌM×ØX\˜Ú›X[ž[[^Ì—ÌŽØX\˜ÚÚ‹\ÚHœÚLMŽŒØYŒÎ˜LØXYXŒÌŽX˜ÍM˜XÙX™ÍÙNNŒÍÌØŒLÍXØXÌ™Y™YY™NH‹Ú^™HHMM‹\ØY][YHHŒŒKLLL•NLŽŒLËNNVˆˆKBˆÈ\›HšÎ‹ËÙš[\Ëœ]ÛšÜÝY›Ü™ËÜXÚØYÙ\ËØŒËÎ‹ÍÙŒ™LŒÙLÍLXÙ™™LŒ˜MYXŽY™ÍÌNLLLLLXMŒL™ØÌKÝÜ˜\LKŒMËŒËXÜÌL‹XÜÌL‹[]\Û[^ÌWÌ—ØX\˜ÚÚ‹\ÚHœÚLMŽŒŒ™MYYXÎYÌÌ™ÌNLŒŒL˜ÎLÍLYÌMXÙÌÌ™ŒMŒNNÌMŽÎMˆ‹Ú^™HHÌL‹\ØY][YHHŒŒKLLL•NLŽŒMM–ˆˆKBˆÈ\›HšÎ‹ËÙš[\Ëœ]ÛšÜÝY›Ü™ËÜXÚØYÙ\ËÌØËÍLKÙXX˜ØMÎØNLMMŒXŒ˜ÍM™ŒY™YL˜L™ŒLÍMÍLŽYMØMMËÝÜ˜\LKŒMËŒËXÜÌL‹XÜÌL‹[]\Û[^ÌWÌ—Þ—ÍÚ‹\ÚHœÚLMŽÍY˜LŽÍÍLØÌØLLXŒØYMY˜ØLYLØ™YŽL˜XLØXŒØLYL˜ÌÌLØMÍYŒÙÈ‹Ú^™HHÍÌÌ‹\ØY][YHHŒŒKLLL•NLŽŒÍ‹ŒMVˆˆKBˆÈ\›HšÎ‹ËÙš[\Ëœ]ÛšÜÝY›Ü™ËÜXÚØYÙ\ËÎYKØŒKÍØŒŽ˜ØLLÎL˜L™LÌÍL™MŒÙYYYŒXYMÍYŒÙML˜ÍÍÌÍÍ˜˜MÙMXKÝÜ˜\LKŒMËŒËXÜÌL‹XÜÌL‹]Ú[ŒÌ‹Ú‹\ÚHœÚLMŽNYLÎY™™ŒÍMØÌÍÌYXX˜X˜ÍMØLÎÌ™LMÍÍNXÎXMÙŽNXØX™H‹Ú^™HHÍÌK\ØY][YHHŒŒKLLL•NLÎŒËŒLŒÖˆˆKBˆÈ\›HšÎ‹ËÙš[\Ëœ]ÛšÜÝY›Ü™ËÜXÚØYÙ\ËÌŽÙKÍMLÙŽMŒ˜™ØÍN˜XŽ™NMØXL™LÌÙ™YŒ˜ÍØXLŽØŽØ™ØLËÝÜ˜\LKŒMËŒËXÜÌL‹XÜÌL‹]Ú[—Ø[YÚ‹\ÚHœÚLMŽ™MÌYXÍ™X˜XÌMÍMŽLYNL˜YŒ™XLYXØXÍÎLNÍMNLÌLYN˜˜ØŒŽMØÈ‹Ú^™HHÎÍË\ØY][YHHŒŒKLLL•NLÎŒKÍ–ˆˆKBˆÈ\›HšÎ‹ËÙš[\Ëœ]ÛšÜÝY›Ü™ËÜXÚØYÙ\ËÙŒKÍÌÌL™™NXØŒYNMXMÍÙŽŒMM™Œ™MÌÍ˜™NÌÙNMŽNYŽNYNYÝÜ˜\LKŒMËŒËXÜÌL‹XÜÌL‹]Ú[—Ø\›MÚ‹\ÚHœÚLMŽŒÍ˜ÍMYL™™ÌXÌÙ™ÌXLÌXŽMLLÌLLMØLNYŒMLÍYXÍMY˜Íˆ‹Ú^™HHÍŽK\ØY][YHHŒŒKLLL•NLŽMŒÍÖˆˆKBˆÈ\›HšÎ‹ËÙš[\Ëœ]ÛšÜÝY›Ü™ËÜXÚØYÙ\ËÌY‹Ù‹ØNLÌØ™ÌŽNNXÙŒÙLMÙ˜ÍXÙØXXXØMLMÙMLXÌ™XYMÌX˜ŒŒNMÝÜ˜\LKŒMËŒË\LË[›Û™KX[žKÚ‹\ÚHœÚLMŽÌMÌXYLÍY˜ÌÌÙÌ˜XÌNY˜XØŒYN™MY™YŽÍ˜ÌLÎMØYMXMMLLXÌŒˆ‹Ú^™HHŒÍNLK\ØY][YHHŒŒKLLL•NLÎŒŒÍˆˆKB—CBƒB–ÖÜXÚØYÙWWCB›˜[YHHžš\ƒB™\œÚ[ÛˆHŒKŒƒBœÛÝ\˜ÙHHÈ™YÚ\ÝžHHšÎ‹ËÜ\K›Ü™ËÜÚ[\HˆCBœÙ\ÝHÈ\›HšÎ‹ËÙš[\Ëœ]ÛšÜÝY›Ü™ËÜXÚØYÙ\ËØŽKÙÙXXŽNMLMØÌMLÍÌŒ™XLŒÎØ˜ÍYMÌÌÍŽLÙXÍY™ÎMÙXÌŽMŽ‹Þš\MŒKŒ\‹™Þˆ‹\ÚHœÚLMŽØMÌÎYMÌMYÍŽNMÍ™NLŒ˜L˜ŒNÙLLÙŒXØÌNMXŒŒÌ˜˜L˜LÙMŒˆ‹Ú^™HHŒŒM\ØY][YHHŒŒ‹LKLNŒŒMËŽMÖˆˆCBÚY[ÈHÃBˆÈ\›HšÎ‹ËÙš[\Ëœ]ÛšÜÝY›Ü™ËÜXÚØYÙ\ËÌØKÌLËÍMÌÍŒYM™NLŽMŽ™™NYŽMMŽMŒLLÌLYMMM™™YŒMŒØÎ‹Þš\MŒKŒ\LË[›Û™KX[žKÚ‹\ÚHœÚLMŽŒXYLMŒÎLÙÌMÍÙŒYMØL˜XÍLÎYMNYXŽYŒMŒŽXÌØÌNNMÙˆ‹Ú^™HHLŒÎ\ØY][YHHŒŒ‹LKLNŒŒMËŒVˆˆKB—CBƒB–ÖÜXÚØYÙWWCB›˜[YHHž›Ü›HƒB™\œÚ[ÛˆHŒŒÈƒBœÛÝ\˜ÙHHÈ™YÚ\ÝžHHšÎ‹ËÜ\K›Ü™ËÜÚ[\HˆCBœÙ\ÝHÈ\›HšÎ‹ËÙš[\Ëœ]ÛšÜÝY›Ü™ËÜXÚØYÙ\ËÍÍÌŒKÌØ˜YØMŒØŒŒ˜ŒMÌÎ˜ŒŽLÌXLMÎYLMYMŽLŒLÙM˜Í˜XMLÍYŽÞ›Ü›KLŒË\‹™Þˆ‹\ÚHœÚLMŽ™ØMLŽLXLLØÙXNX˜Y™LYN™ØLYXŒ™L˜MŒÌNLÌLÙ™ŒŒØXÎX™H‹Ú^™HHMÎLMM‹\ØY][YHHŒŒ‹L‹LLNŒLŒNKŽM–ˆˆCBÚY[ÈHÃBˆÈ\›HšÎ‹ËÙš[\Ëœ]ÛšÜÝY›Ü™ËÜXÚØYÙ\ËØMKÍY‹ØÙXÌYŽNLLMXLÍMLYNM˜ÌØÌÌŽXYM™M˜ŒY˜LNYLYŒËÞ›Ü›KLŒËXÜÌLXXšLË[XXÛÜÞÌLÎWÝ[š]™\œØ[‹Ú‹\ÚHœÚLMŽŽ˜™MŽXXYÌ˜˜ÌŒŒÍYY˜XŒLXLMÙLŽMLXMNYLLØÌÍÙXMÌÌÌÈ‹Ú^™HHŽLML‹\ØY][YHHŒŒ‹L‹LLNŒLŒ‹ŒŒVˆˆKBˆÈ\›HšÎ‹ËÙš[\Ëœ]ÛšÜÝY›Ü™ËÜXÚØYÙ\ËÍMKØÎÙÌÌYLŒNLŒMØÌNN˜ÍØÍŒYÍMYŒØÎ™ŒLYLÌNLYËÞ›Ü›KLŒËXÜÌLXXšLË[X[ž[[^ŒMÞ—Í›X[ž[[^Ì—ÌM×Þ—ÍÚ‹\ÚHœÚLMŽÍŽNÍLML™ŒXÍÌØ˜ØØMMÙŒŒŒÌÙ™MLÍŒØXÙMY˜™™XÍLXØŽX™È‹Ú^™HHŽLÍM\ØY][YHHŒŒ‹L‹LLNŒLŒËŽLVˆˆKBˆÈ\›HšÎ‹ËÙš[\Ëœ]ÛšÜÝY›Ü™ËÜXÚØYÙ\ËÌKÌ˜‹Ù˜™N˜L™XÍNN˜ŽNØMÍL™ØLÌÌ˜NLLXM™MŽŒLÌÌMÌMMŽKÞ›Ü›KLŒËXÜÌLXXšLË[X[ž[[^Ì—ÌØX\˜Ú›X[ž[[^Ì—ÌŽØX\˜ÚÚ‹\ÚHœÚLMŽ™XŒÎXÌYNØŒYNÍŒ™ÙMMÌŽLØØÍLÙLŽÍX™NXØNXXYMYØLŒˆ‹Ú^™HHNÍ‹\ØY][YHHŒŒ‹L‹LLNŒLŒKŒŒÖˆˆKBˆÈ\›HšÎ‹ËÙš[\Ëœ]ÛšÜÝY›Ü™ËÜXÚØYÙ\ËÙKÙKÍŒÍMŽÍMÎŽŽLLÍYŒÍM˜ÍXYÍÎMØMMLŽNMMÙŒMLLMÌØŒÞ›Ü›KLŒËXÜÌLXXšLË[]\Û[^ÌWÌ—ØX\˜ÚÚ‹\ÚHœÚLMŽÙ˜LØÌÍLNLÍÍLŽLLÙŒØ˜˜ÙX™˜YM˜L™ŒL™ÍXÍŒÌ™LÌÙLYMLYH‹Ú^™HHMÍÎLÌK\ØY][YHHŒŒ‹L‹LLNŒLŒLŒŽ–ˆˆKBˆÈ\›HšÎ‹ËÙš[\Ëœ]ÛšÜÝY›Ü™ËÜXÚØYÙ\ËÍØKÌKÎŒØXXÌLNNNXÌŒM™ØLY˜ÙLÌÍŒÍÌÙÍMÌÍXM™YŒXŽMÎ‹Þ›Ü›KLŒËXÜÌLXXšLË[]\Û[^ÌWÌ—Þ—ÍÚ‹\ÚHœÚLMŽÍŒYYMXÍÌ™ŒNMÎLY™LØÍŒ˜X™LŽ˜˜Ù™ÌÙYL˜ÌY™XYYˆ‹Ú^™HHNLÌ‹\ØY][YHHŒŒ‹L‹LLNŒLŒLKNMVˆˆKBˆÈ\›HšÎ‹ËÙš[\Ëœ]ÛšÜÝY›Ü™ËÜXÚØYÙ\ËÎÌŒÎXØMNYMŽLYŽY˜˜ÍŒÌMÎLØŒXŒÌMÍÍÙYYXØMM˜XMLNLNMÎËÞ›Ü›KLŒËXÜÌLXXšLË]Ú[ŒÌ‹Ú‹\ÚHœÚLMŽŒŽÌÙNMMÍLŽŒÍLYŽMŒÙYYŒŒŒNMLŒ˜LMÌNÙ™Ù˜ÍMXŒLˆ‹Ú^™HHÌMÌMK\ØY][YHHŒŒ‹L‹LLNŒLŒL‹ÖˆˆKBˆÈ\›HšÎ‹ËÙš[\Ëœ]ÛšÜÝY›Ü™ËÜXÚØYÙ\ËÎYÌØKÍ™™XYÍÙYŒÌNÌ˜ŒÎMÙXØLLŽÙNNŒØÍÎMÍ˜ŽÙŽ™™™LÙX‹Þ›Ü›KLŒËXÜÌLXXšLË]Ú[—Ø[YÚ‹\ÚHœÚLMŽŽLŒXÌ˜ÎNLÙÍMŒÎMXYNM™ŽYLÙ™ŽMÍY™X˜Í™ÌÍMÈ‹Ú^™HHŽML\ØY][YHHŒŒ‹L‹LLNŒLŒLËŒÎVˆˆKBˆÈ\›HšÎ‹ËÙš[\Ëœ]ÛšÜÝY›Ü™ËÜXÚØYÙ\ËÙM‹ÍÍŒŽLŽLMÌŒÍ™™MÌ™™ÌYMŒL˜LXÙLÍÌŽL™YLÌÎYŽM˜KÞ›Ü›KLŒËXÜÌLXXšLË]Ú[—Ø\›MÚ‹\ÚHœÚLMŽÙNMÌØØM™MÙY˜ÎYL˜™MNŽÎYŽŒ™ŽŒXLÙYNLÍÌLL™Mˆ‹Ú^™HHLLÍË\ØY][YHHŒŒ‹L‹LLNŒLŒMÌ–ˆˆKB—CB