version = 1
revision = 3
requires-python = "==3.12.*"

[manifest]
members = [
    "doco-backend-contracts",
    "doco-backend-workspace",
]

[[package]]
name = "colorama"
version = "0.4.6"
source = { registry = "https://pypi.org/simple" }
sdist = { url = "https://files.pythonhosted.org/packages/d8/53/6f443c9a4a8358a93a6792e2acffb9d9d5cb0a5cfd8802644b7b1c9a02e4/colorama-0.4.6.tar.gz", hash = "sha256:08695f5cb7ed6e0531a20572697297273c47b8cae5a63ffc6d6ed5c201be6e44", size = 27697, upload-time = "2022-10-25T02:36:22.414Z" }
wheels = [
    { url = "https://files.pythonhosted.org/packages/d1/d6/3965ed04c63042e047cb6a3e6ed1a63a35087b6a609aa3a15ed8ac56c221/colorama-0.4.6-py2.py3-none-any.whl", hash = "sha256:4f1d9991f5acc0ca119f9d443620b77f9d6b33703e51011c16baf57afb285fc6", size = 25335, upload-time = "2022-10-25T02:36:20.889Z" },
]

[[package]]
name = "doco-backend-contracts"
version = "0.1.0"
source = { editable = "packages/contracts" }
dependencies = [
    { name = "grpcio" },
    { name = "protobuf" },
]

[package.dev-dependencies]
dev = [
    { name = "grpcio-tools" },
    { name = "pytest" },
]

[package.metadata]
requires-dist = [
    { name = "grpcio", specifier = "==1.71.2" },
    { name = "protobuf", specifier = ">=5.26.1,<6" },
]

[package.metadata.requires-dev]
dev = [
    { name = "grpcio-tools", specifier = "==1.71.2" },
    { name = "pytest", specifier = ">=8.3,<9" },
]

[[package]]
name = "doco-backend-workspace"
version = "0.1.0"
source = { virtual = "." }

[[package]]
name = "grpcio"
version = "1.71.2"
source = { registry = "https://pypi.org/simple" }
sdist = { url = "https://files.pythonhosted.org/packages/5b/c5/8ad16eb7062f3d43b1b4e48f725b5ca7bbe5f0fc7ae585fff0568401bc3a/grpcio-1.71.2.tar.gz", hash = "sha256:cc7d02b21b2ec0d2479c2d98a2b9255ee8b32970ede37e42b5b6536a0fb4c47f", size = 12531104, upload-time = "2025-06-28T04:19:49.921Z" }
wheels = [
    { url = "https://files.pythonhosted.org/packages/29/a2/a01b6cfc0b36ff785571a42f3dcc7c80559998fcadd16b5c101a0cdaf0d2/grpcio-1.71.2-cp312-cp312-linux_armv7l.whl", hash = "sha256:d1b0ef55b8abef436b89fa789375365b7101732bfb688fc3904f0c8ac6d7803e", size = 5184044, upload-time = "2025-06-28T04:18:58.119Z" },
    { url = "https://files.pythonhosted.org/packages/e9/16/acebf64a0711bddd403536e3254f9686602c697624cb7ae376faa534f004/grpcio-1.71.2-cp312-cp312-macosx_14_0_arm64.whl", hash = "sha256:0c0ac4e77a38e5ed8026b25870cdc0f7a71aa9354a2353cc90a22a396a150b3c", size = 10309517, upload-time = "2025-06-28T04:18:59.667Z" },
    { url = "https://files.pythonhosted.org/packages/82/ef/832eb985e61469c38a6e81ddc7c7a87242db914ec71b9c581836a5c801d3/grpcio-1.71.2-cp312-cp312-manylinux_2_17_aarch64.whl", hash = "sha256:deb89f8dba8f2fcaec40784d3718dbb4c44f48befbf7d4da6d1b00378e20455b", size = 5587993, upload-time = "2025-06-28T04:19:01.544Z" },
    { url = "https://files.pythonhosted.org/packages/be/18/7959414c59f78b45af3c7b83ca960208b886e5eceec1aed46e1881f9d637/grpcio-1.71.2-cp312-cp312-manylinux_2_17_i686.manylinux2014_i686.whl", hash = "sha256:f5cc3bae2de2289e476c8f1ed5f2c5cd74741a66d92f65016dc19f533acee374", size = 6236013, upload-time = "2025-06-28T04:19:03.518Z" },
    { url = "https://files.pythonhosted.org/packages/90/2d/8745729de179505f68d9fbaae3aa952f588f342faecd50eacc4704d935f1/grpcio-1.71.2-cp312-cp312-manylinux_2_17_x86_64.manylinux2014_x86_64.whl", hash = "sha256:bf224bf8a8d85914f171c4dd028a86325f063e1661f3bef9960f4f73dc8b71d3", size = 5839034, upload-time = "2025-06-28T04:19:04.982Z" },
    { url = "https://files.pythonhosted.org/packages/a8/f5/6ac8e39c398e5e1e0003ba50fc3f6f020d72c2f5372b54f858315dd1297b/grpcio-1.71.2-cp312-cp312-musllinux_1_1_aarch64.whl", hash = "sha256:e06d9e3f9cc7b7860b4d37fb0cb5e7e00071977a73a5b87a4c7da65695c4030f", size = 5935118, upload-time = "2025-06-28T04:19:06.789Z" },
    { url = "https://files.pythonhosted.org/packages/bc/cf/8f5e637cb714fe8c306b12933a4b40e9eb13aaf96bfb886662db3b56ac1b/grpcio-1.71.2-cp312-cp312-musllinux_1_1_i686.whl", hash = "sha256:6ba968281b761c52560af106504a02ff26085ad10e17e8976c047b388df40eae", size = 6560019, upload-time = "2025-06-28T04:19:08.363Z" },
    { url = "https://files.pythonhosted.org/packages/be/6b/a6ae0c16795bc56c3d469e41dacf26d88cbe12b406094af26d3f79ff5201/grpcio-1.71.2-cp312-cp312-musllinux_1_1_x86_64.whl", hash = "sha256:6a169f0f369b28e81d8bde6a1d4283c24d3bde80690ef05b634caaf45577d749", size = 6109409, upload-time = "2025-06-28T04:19:10.061Z" },
    { url = "https://files.pythonhosted.org/packages/87/7e/bdb355b112f0fac5bc61b4918f947ad5d4891e39447e25d221739ab76903/grpcio-1.71.2-cp312-cp312-win32.whl", hash = "sha256:df9ffd8463a2d16b6d1fef7b03035c588fdf0f0a627031e4860cea61f49808ee", size = 3539949, upload-time = "2025-06-28T04:19:11.567Z" },
    { url = "https://files.pythonhosted.org/packages/c3/12/3f503a66fa568b10b43118a0013a1cd2680117192fc0c74342f87a7c29a8/grpcio-1.71.2-cp312-cp312-win_amd64.whl", hash = "sha256:c371287913278170e09ae280d923db0baf3da6989d088dce48e88648c9933c8e", size = 4211254, upload-time = "2025-06-28T04:19:13.077Z" },
]

[[package]]
name = "grpcio-tools"
version = "1.71.2"
source = { registry = "https://pypi.org/simple" }
dependencies = [
    { name = "grpcio" },
    { name = "protobuf" },
    { name = "setuptools" },
]
sdist = { url = "https://files.pythonhosted.org/packages/ad/9a/edfefb47f11ef6b0f39eea4d8f022c5bb05ac1d14fcc7058e84a51305b73/grpcio_tools-1.71.2.tar.gz", hash = "sha256:b5304d65c7569b21270b568e404a5a843cf027c66552a6a0978b23f137679c09", size = 5330655, upload-time = "2025-06-28T04:22:00.308Z" }
wheels = [
    { url = "https://files.pythonhosted.org/packages/9c/d3/3ed30a9c5b2424627b4b8411e2cd6a1a3f997d3812dbc6a8630a78bcfe26/grpcio_tools-1.71.2-cp312-cp312-linux_armv7l.whl", hash = "sha256:bfc0b5d289e383bc7d317f0e64c9dfb59dc4bef078ecd23afa1a816358fb1473", size = 2385479, upload-time = "2025-06-28T04:21:10.413Z" },
    { url = "https://files.pythonhosted.org/packages/54/61/e0b7295456c7e21ef777eae60403c06835160c8d0e1e58ebfc7d024c51d3/grpcio_tools-1.71.2-cp312-cp312-macosx_14_0_arm64.whl", hash = "sha256:b4669827716355fa913b1376b1b985855d5cfdb63443f8d18faf210180199006", size = 5431521, upload-time = "2025-06-28T04:21:12.261Z" },
    { url = "https://files.pythonhosted.org/packages/75/d7/7bcad6bcc5f5b7fab53e6bce5db87041f38ef3e740b1ec2d8c49534fa286/grpcio_tools-1.71.2-cp312-cp312-manylinux_2_17_aarch64.whl", hash = "sha256:d4071f9b44564e3f75cdf0f05b10b3e8c7ea0ca5220acbf4dc50b148552eef2f", size = 2350289, upload-time = "2025-06-28T04:21:13.625Z" },
    { url = "https://files.pythonhosted.org/packages/b2/8a/e4c1c4cb8c9ff7f50b7b2bba94abe8d1e98ea05f52a5db476e7f1c1a3c70/grpcio_tools-1.71.2-cp312-cp312-manylinux_2_17_i686.manylinux2014_i686.whl", hash = "sha256:a28eda8137d587eb30081384c256f5e5de7feda34776f89848b846da64e4be35", size = 2743321, upload-time = "2025-06-28T04:21:15.007Z" },
    { url = "https://files.pythonhosted.org/packages/fd/aa/95bc77fda5c2d56fb4a318c1b22bdba8914d5d84602525c99047114de531/grpcio_tools-1.71.2-cp312-cp312-manylinux_2_17_x86_64.manylinux2014_x86_64.whl", hash = "sha256:b19c083198f5eb15cc69c0a2f2c415540cbc636bfe76cea268e5894f34023b40", size = 2474005, upload-time = "2025-06-28T04:21:16.443Z" },
    { url = "https://files.pythonhosted.org/packages/c9/ff/ca11f930fe1daa799ee0ce1ac9630d58a3a3deed3dd2f465edb9a32f299d/grpcio_tools-1.71.2-cp312-cp312-musllinux_1_1_aarch64.whl", hash = "sha256:784c284acda0d925052be19053d35afbf78300f4d025836d424cf632404f676a", size = 2851559, upload-time = "2025-06-28T04:21:18.139Z" },
    { url = "https://files.pythonhosted.org/packages/64/10/c6fc97914c7e19c9bb061722e55052fa3f575165da9f6510e2038d6e8643/grpcio_tools-1.71.2-cp312-cp312-musllinux_1_1_i686.whl", hash = "sha256:381e684d29a5d052194e095546eef067201f5af30fd99b07b5d94766f44bf1ae", size = 3300622, upload-time = "2025-06-28T04:21:20.291Z" },
    { url = "https://files.pythonhosted.org/packages/e5/d6/965f36cfc367c276799b730d5dd1311b90a54a33726e561393b808339b04/grpcio_tools-1.71.2-cp312-cp312-musllinux_1_1_x86_64.whl", hash = "sha256:3e4b4801fabd0427fc61d50d09588a01b1cfab0ec5e8a5f5d515fbdd0891fd11", size = 2913863, upload-time = "2025-06-28T04:21:22.196Z" },
    { url = "https://files.pythonhosted.org/packages/8d/f0/c05d5c3d0c1d79ac87df964e9d36f1e3a77b60d948af65bec35d3e5c75a3/grpcio_tools-1.71.2-cp312-cp312-win32.whl", hash = "sha256:84ad86332c44572305138eafa4cc30040c9a5e81826993eae8227863b700b490", size = 945744, upload-time = "2025-06-28T04:21:23.463Z" },
    { url = "https://files.pythonhosted.org/packages/e2/e9/c84c1078f0b7af7d8a40f5214a9bdd8d2a567ad6c09975e6e2613a08d29d/grpcio_tools-1.71.2-cp312-cp312-win_amd64.whl", hash = "sha256:8e1108d37eecc73b1c4a27350a6ed921b5dda25091700c1da17cfe30761cd462", size = 1117695, upload-time = "2025-06-28T04:21:25.22Z" },
]

[[package]]
name = "iniconfig"
version = "2.3.0"
source = { registry = "https://pypi.org/simple" }
sdist = { url = "https://files.pythonhosted.org/packages/72/34/14ca021ce8e5dfedc35312d08ba8bf51fdd999c576889fc2c24cb97f4f10/iniconfig-2.3.0.tar.gz", hash = "sha256:c76315c77db068650d49c5b56314774a7804df16fee4402c1f19d6d15d8c4730", size = 20503, upload-time = "2025-10-18T21:55:43.219Z" }
wheels = [
    { url = "https://files.pythonhosted.org/packages/cb/b1/3846dd7f199d53cb17f49cba7e651e9ce294d8497c8c150530ed11865bb8/iniconfig-2.3.0-py3-none-any.whl", hash = "sha256:f631c04d2c48c52b84d0d0549c99ff3859c98df65b3101406327ecc7d53fbf12", size = 7484, upload-time = "2025-10-18T21:55:41.639Z" },
]

[[package]]
name = "packaging"
version = "26.2"
source = { registry = "https://pypi.org/simple" }
sdist = { url = "https://files.pythonhosted.org/packages/d7/f1/e7a6dd94a8d4a5626c03e4e99c87f241ba9e350cd9e6d75123f992427270/packaging-26.2.tar.gz", hash = "sha256:ff452ff5a3e828ce110190feff1178bb1f2ea2281fa2075aadb987c2fb221661", size = 228134, upload-time = "2026-04-24T20:15:23.917Z" }
wheels = [
    { url = "https://files.pythonhosted.org/packages/df/b2/87e62e8c3e2f4b32e5fe99e0b86d576da1312593b39f47d8ceef365e95ed/packaging-26.2-py3-none-any.whl", hash = "sha256:5fc45236b9446107ff2415ce77c807cee2862cb6fac22b8a73826d0693b0980e", size = 100195, upload-time = "2026-04-24T20:15:22.081Z" },
]

[[package]]
name = "pluggy"
version = "1.6.0"
source = { registry = "https://pypi.org/simple" }
sdist = { url = "https://files.pythonhosted.org/packages/f9/e2/3e91f31a7d2b083fe6ef3fa267035b518369d9511ffab804f839851d2779/pluggy-1.6.0.tar.gz", hash = "sha256:7dcc130b76258d33b90f61b658791dede3486c3e6bfb003ee5c9bfb396dd22f3", size = 69412, upload-time = "2025-05-15T12:30:07.975Z" }
wheels = [
    { url = "https://files.pythonhosted.org/packages/54/20/4d324d65cc6d9205fabedc306948156824eb9f0ee1633355a8f7ec5c66bf/pluggy-1.6.0-py3-none-any.whl", hash = "sha256:e920276dd6813095e9377c0bc5566d94c932c33b27a3e3945d8389c374dd4746", size = 20538, upload-time = "2025-05-15T12:30:06.134Z" },
]

[[package]]
name = "protobuf"
version = "5.29.6"
source = { registry = "https://pypi.org/simple" }
sdist = { url = "https://files.pythonhosted.org/packages/7e/57/394a763c103e0edf87f0938dafcd918d53b4c011dfc5c8ae80f3b0452dbb/protobuf-5.29.6.tar.gz", hash = "sha256:da9ee6a5424b6b30fd5e45c5ea663aef540ca95f9ad99d1e887e819cdf9b8723", size = 425623, upload-time = "2026-02-04T22:54:40.584Z" }
wheels = [
    { url = "https://files.pythonhosted.org/packages/d4/88/9ee58ff7863c479d6f8346686d4636dd4c415b0cbeed7a6a7d0617639c2a/protobuf-5.29.6-cp310-abi3-win32.whl", hash = "sha256:62e8a3114992c7c647bce37dcc93647575fc52d50e48de30c6fcb28a6a291eb1", size = 423357, upload-time = "2026-02-04T22:54:25.805Z" },
    { url = "https://files.pythonhosted.org/packages/1c/66/2dc736a4d576847134fb6d80bd995c569b13cdc7b815d669050bf0ce2d2c/protobuf-5.29.6-cp310-abi3-win_amd64.whl", hash = "sha256:7e6ad413275be172f67fdee0f43484b6de5a904cc1c3ea9804cb6fe2ff366eda", size = 435175, upload-time = "2026-02-04T22:54:28.592Z" },
    { url = "https://files.pythonhosted.org/packages/06/db/49b05966fd208ae3f44dcd33837b6243b4915c57561d730a43f881f24dea/protobuf-5.29.6-cp38-abi3-macosx_10_9_universal2.whl", hash = "sha256:b5a169e664b4057183a34bdc424540e86eea47560f3c123a0d64de4e137f9269", size = 418619, upload-time = "2026-02-04T22:54:30.266Z" },
    { url = "https://files.pythonhosted.org/packages/b7/d7/48cbf6b0c3c39761e47a99cb483405f0fde2be22cf00d71ef316ce52b458/protobuf-5.29.6-cp38-abi3-manylinux2014_aarch64.whl", hash = "sha256:a8866b2cff111f0f863c1b3b9e7572dc7eaea23a7fae27f6fc613304046483e6", size = 320284, upload-time = "2026-02-04T22:54:31.782Z" },
    { url = "https://files.pythonhosted.org/packages/e3/dd/cadd6ec43069247d91f6345fa7a0d2858bef6af366dbd7ba8f05d2c77d3b/protobuf-5.29.6-cp38-abi3-manylinux2014_x86_64.whl", hash = "sha256:e3387f44798ac1106af0233c04fb8abf543772ff241169946f698b3a9a3d3ab9", size = 320478, upload-time = "2026-02-04T22:54:32.909Z" },
    { url = "https://files.pythonhosted.org/packages/5a/cb/e3065b447186cb70aa65acc70c86baf482d82bf75625bf5a2c4f6919c6a3/protobuf-5.29.6-py3-none-any.whl", hash = "sha256:6b9edb641441b2da9fa8f428760fc136a49cf97a52076010cf22a2ff73438a86", size = 173126, upload-time = "2026-02-04T22:54:39.462Z" },
]

[[package]]
name = "pygments"
version = "2.20.0"
source = { registry = "https://pypi.org/simple" }
sdist = { url = "https://files.pythonhosted.org/packages/c3/b2/bc9c9196916376152d655522fdcebac55e66de6603a76a02bca1b6414f6c/pygments-2.20.0.tar.gz", hash = "sha256:6757cd03768053ff99f3039c1a36d6c0aa0b263438fcab17520b30a303a82b5f", size = 4955991, upload-time = "2026-03-29T13:29:33.898Z" }
wheels = [
    { url = "https://files.pythonhosted.org/packages/f4/7e/a72dd26f3b0f4f2bf1dd8923c85f7ceb43172af56d63c7383eb62b332364/pygments-2.20.0-py3-none-any.whl", hash = "sha256:81a9e26dd42fd28a23a2d169d86d7ac03b46e2f8b59ed4698fb4785f946d0176", size = 1231151, upload-time = "2026-03-29T13:29:30.038Z" },
]

[[package]]
name = "pytest"
version = "8.4.2"
source = { registry = "https://pypi.org/simple" }
dependencies = [
    { name = "colorama", marker = "sys_platform == 'win32'" },
    { name = "iniconfig" },
    { name = "packaging" },
    { name = "pluggy" },
    { name = "pygments" },
]
sdist = { url = "https://files.pythonhosted.org/packages/a3/5c/00a0e072241553e1a7496d638deababa67c5058571567b92a7eaa258397c/pytest-8.4.2.tar.gz", hash = "sha256:86c0d0b93306b961d58d62a4db4879f27fe25513d4b969df351abdddb3c30e01", size = 1519618, upload-time = "2025-09-04T14:34:22.711Z" }
wheels = [
    { url = "https://files.pythonhosted.org/packages/a8/a4/20da314d277121d6534b3a980b29035dcd51e6744bd79075a6ce8fa4eb8d/pytest-8.4.2-py3-none-any.whl", hash = "sha256:872f880de3fc3a5bdc88a11b39c9710c3497a547cfa9320bc3c5e62fbf272e79", size = 365750, upload-time = "2025-09-04T14:34:20.226Z" },
]

[[package]]
name = "setuptools"
version = "83.0.0"
source = { registry = "https://pypi.org/simple" }
sdist = { url = "https://files.pythonhosted.org/packages/34/26/f5d29e25ffdb535afef2d35cdb55b325298f96debd670da4c325e08d70f4/setuptools-83.0.0.tar.gz", hash = "sha256:025bccbbf0fa05b6192bc64ae1e7b16e001fd6d6d4d5de03c97b1c1ade523bef", size = 1154254, upload-time = "2026-07-04T15:31:22.699Z" }
wheels = [
    { url = "https://files.pythonhosted.org/packages/5d/40/e1e72872c6354b306daef1703549e8e83b4d43cfea356311bf722a043752/setuptools-83.0.0-py3-none-any.whl", hash = "sha256:29b23c360f22f414dc7336bb39178cc7bcbf6021ed2733cde173f09dba19abb3", size = 1008090, upload-time = "2026-07-04T15:31:20.885Z" },
]
